# This file is automatically @generated by Poetry 1.5.4 and should not be changed by hand.

[[package]]
name = "certifi"
version = "2024.2.2"
description = "Python package for providing Mozilla's CA Bundle."
optional = false
python-versions = ">=3.6"
files = [
    {file = "certifi-2024.2.2-py3-none-any.whl", hash = "sha256:dc383c07b76109f368f6106eee2b593b04a011ea4d55f652c6ca24a754d1cdd1"},
    {file = "certifi-2024.2.2.tar.gz", hash = "sha256:0569859f95fc761b18b45ef421b1290a0f65f147e92a1e5eb3e635f9a5e4e66f"},
]

[[package]]
name = "charset-normalizer"
version = "3.3.2"
description = "The Real First Universal Charset Detector. Open, modern and actively maintained alternative to Chardet."
optional = false
python-versions = ">=3.7.0"
files = [
    {file = "charset-normalizer-3.3.2.tar.gz", hash = "sha256:f30c3cb33b24454a82faecaf01b19c18562b1e89558fb6c56de4d9118a032fd5"},
    {file = "charset_normalizer-3.3.2-cp310-cp310-macosx_10_9_universal2.whl", hash = "sha256:25baf083bf6f6b341f4121c2f3c548875ee6f5339300e08be3f2b2ba1721cdd3"},
    {file = "charset_normalizer-3.3.2-cp310-cp310-macosx_10_9_x86_64.whl", hash = "sha256:06435b539f889b1f6f4ac1758871aae42dc3a8c0e24ac9e60c2384973ad73027"},
    {file = "charset_normalizer-3.3.2-cp310-cp310-macosx_11_0_arm64.whl", hash = "sha256:9063e24fdb1e498ab71cb7419e24622516c4a04476b17a2dab57e8baa30d6e03"},
    {file = "charset_normalizer-3.3.2-cp310-cp310-manylinux_2_17_aarch64.manylinux2014_aarch64.whl", hash = "sha256:6897af51655e3691ff853668779c7bad41579facacf5fd7253b0133308cf000d"},
    {file = "charset_normalizer-3.3.2-cp310-cp310-manylinux_2_17_ppc64le.manylinux2014_ppc64le.whl", hash = "sha256:1d3193f4a680c64b4b6a9115943538edb896edc190f0b222e73761716519268e"},
    {file = "charset_normalizer-3.3.2-cp310-cp310-manylinux_2_17_s390x.manylinux2014_s390x.whl", hash = "sha256:cd70574b12bb8a4d2aaa0094515df2463cb429d8536cfb6c7ce983246983e5a6"},
    {file = "charset_normalizer-3.3.2-cp310-cp310-manylinux_2_17_x86_64.manylinux2014_x86_64.whl", hash = "sha256:8465322196c8b4d7ab6d1e049e4c5cb460d0394da4a27d23cc242fbf0034b6b5"},
    {file = "charset_normalizer-3.3.2-cp310-cp310-manylinux_2_5_i686.manylinux1_i686.manylinux_2_17_i686.manylinux2014_i686.whl", hash = "sha256:a9a8e9031d613fd2009c182b69c7b2c1ef8239a0efb1df3f7c8da66d5dd3d537"},
    {file = "charset_normalizer-3.3.2-cp310-cp310-musllinux_1_1_aarch64.whl", hash = "sha256:beb58fe5cdb101e3a055192ac291b7a21e3b7ef4f67fa1d74e331a7f2124341c"},
    {file = "charset_normalizer-3.3.2-cp310-cp310-musllinux_1_1_i686.whl", hash = "sha256:e06ed3eb3218bc64786f7db41917d4e686cc4856944f53d5bdf83a6884432e12"},
    {file = "charset_normalizer-3.3.2-cp310-cp310-musllinux_1_1_ppc64le.whl", hash = "sha256:2e81c7b9c8979ce92ed306c249d46894776a909505d8f5a4ba55b14206e3222f"},
    {file = "charset_normalizer-3.3.2-cp310-cp310-musllinux_1_1_s390x.whl", hash = "sha256:572c3763a264ba47b3cf708a44ce965d98555f618ca42c926a9c1616d8f34269"},
    {file = "charset_normalizer-3.3.2-cp310-cp310-musllinux_1_1_x86_64.whl", hash = "sha256:fd1abc0d89e30cc4e02e4064dc67fcc51bd941eb395c502aac3ec19fab46b519"},
    {file = "charset_normalizer-3.3.2-cp310-cp310-win32.whl", hash = "sha256:3d47fa203a7bd9c5b6cee4736ee84ca03b8ef23193c0d1ca99b5089f72645c73"},
    {file = "charset_normalizer-3.3.2-cp310-cp310-win_amd64.whl", hash = "sha256:10955842570876604d404661fbccbc9c7e684caf432c09c715ec38fbae45ae09"},
    {file = "charset_normalizer-3.3.2-cp311-cp311-macosx_10_9_universal2.whl", hash = "sha256:802fe99cca7457642125a8a88a084cef28ff0cf9407060f7b93dca5aa25480db"},
    {file = "charset_normalizer-3.3.2-cp311-cp311-macosx_10_9_x86_64.whl", hash = "sha256:573f6eac48f4769d667c4442081b1794f52919e7edada77495aaed9236d13a96"},
    {file = "charset_normalizer-3.3.2-cp311-cp311-macosx_11_0_arm64.whl", hash = "sha256:549a3a73da901d5bc3ce8d24e0600d1fa85524c10287f6004fbab87672bf3e1e"},
    {file = "charset_normalizer-3.3.2-cp311-cp311-manylinux_2_17_aarch64.manylinux2014_aarch64.whl", hash = "sha256:f27273b60488abe721a075bcca6d7f3964f9f6f067c8c4c605743023d7d3944f"},
    {file = "charset_normalizer-3.3.2-cp311-cp311-manylinux_2_17_ppc64le.manylinux2014_ppc64le.whl", hash = "sha256:1ceae2f17a9c33cb48e3263960dc5fc8005351ee19db217e9b1bb15d28c02574"},
    {file = "charset_normalizer-3.3.2-cp311-cp311-manylinux_2_17_s390x.manylinux2014_s390x.whl", hash = "sha256:65f6f63034100ead094b8744b3b97965785388f308a64cf8d7c34f2f2e5be0c4"},
    {file = "charset_normalizer-3.3.2-cp311-cp311-manylinux_2_17_x86_64.manylinux2014_x86_64.whl", hash = "sha256:753f10e867343b4511128c6ed8c82f7bec3bd026875576dfd88483c5c73b2fd8"},
    {file = "charset_normalizer-3.3.2-cp311-cp311-manylinux_2_5_i686.manylinux1_i686.manylinux_2_17_i686.manylinux2014_i686.whl", hash = "sha256:4a78b2b446bd7c934f5dcedc588903fb2f5eec172f3d29e52a9096a43722adfc"},
    {file = "charset_normalizer-3.3.2-cp311-cp311-musllinux_1_1_aarch64.whl", hash = "sha256:e537484df0d8f426ce2afb2d0f8e1c3d0b114b83f8850e5f2fbea0e797bd82ae"},
    {file = "charset_normalizer-3.3.2-cp311-cp311-musllinux_1_1_i686.whl", hash = "sha256:eb6904c354526e758fda7167b33005998fb68c46fbc10e013ca97f21ca5c8887"},
    {file = "charset_normalizer-3.3.2-cp311-cp311-musllinux_1_1_ppc64le.whl", hash = "sha256:deb6be0ac38ece9ba87dea880e438f25ca3eddfac8b002a2ec3d9183a454e8ae"},
    {file = "charset_normalizer-3.3.2-cp311-cp311-musllinux_1_1_s390x.whl", hash = "sha256:4ab2fe47fae9e0f9dee8c04187ce5d09f48eabe611be8259444906793ab7cbce"},
    {file = "charset_normalizer-3.3.2-cp311-cp311-musllinux_1_1_x86_64.whl", hash = "sha256:80402cd6ee291dcb72644d6eac93785fe2c8b9cb30893c1af5b8fdd753b9d40f"},
    {file = "charset_normalizer-3.3.2-cp311-cp311-win32.whl", hash = "sha256:7cd13a2e3ddeed6913a65e66e94b51d80a041145a026c27e6bb76c31a853c6ab"},
    {file = "charset_normalizer-3.3.2-cp311-cp311-win_amd64.whl", hash = "sha256:663946639d296df6a2bb2aa51b60a2454ca1cb29835324c640dafb5ff2131a77"},
    {file = "charset_normalizer-3.3.2-cp312-cp312-macosx_10_9_universal2.whl", hash = "sha256:0b2b64d2bb6d3fb9112bafa732def486049e63de9618b5843bcdd081d8144cd8"},
    {file = "charset_normalizer-3.3.2-cp312-cp312-macosx_10_9_x86_64.whl", hash = "sha256:ddbb2551d7e0102e7252db79ba445cdab71b26640817ab1e3e3648dad515003b"},
    {file = "charset_normalizer-3.3.2-cp312-cp312-macosx_11_0_arm64.whl", hash = "sha256:55086ee1064215781fff39a1af09518bc9255b50d6333f2e4c74ca09fac6a8f6"},
    {file = "charset_normalizer-3.3.2-cp312-cp312-manylinux_2_17_aarch64.manylinux2014_aarch64.whl", hash = "sha256:8f4a014bc36d3c57402e2977dada34f9c12300af536839dc38c0beab8878f38a"},
    {file = "charset_normalizer-3.3.2-cp312-cp312-manylinux_2_17_ppc64le.manylinux2014_ppc64le.whl", hash = "sha256:a10af20b82360ab00827f916a6058451b723b4e65030c5a18577c8b2de5b3389"},
    {file = "charset_normalizer-3.3.2-cp312-cp312-manylinux_2_17_s390x.manylinux2014_s390x.whl", hash = "sha256:8d756e44e94489e49571086ef83b2bb8ce311e730092d2c34ca8f7d925cb20aa"},
    {file = "charset_normalizer-3.3.2-cp312-cp312-manylinux_2_17_x86_64.manylinux2014_x86_64.whl", hash = "sha256:90d558489962fd4918143277a773316e56c72da56ec7aa3dc3dbbe20fdfed15b"},
    {file = "charset_normalizer-3.3.2-cp312-cp312-manylinux_2_5_i686.manylinux1_i686.manylinux_2_17_i686.manylinux2014_i686.whl", hash = "sha256:6ac7ffc7ad6d040517be39eb591cac5ff87416c2537df6ba3cba3bae290c0fed"},
    {file = "charset_normalizer-3.3.2-cp312-cp312-musllinux_1_1_aarch64.whl", hash = "sha256:7ed9e526742851e8d5cc9e6cf41427dfc6068d4f5a3bb03659444b4cabf6bc26"},
    {file = "charset_normalizer-3.3.2-cp312-cp312-musllinux_1_1_i686.whl", hash = "sha256:8bdb58ff7ba23002a4c5808d608e4e6c687175724f54a5dade5fa8c67b604e4d"},
    {file = "charset_normalizer-3.3.2-cp312-cp312-musllinux_1_1_ppc64le.whl", hash = "sha256:6b3251890fff30ee142c44144871185dbe13b11bab478a88887a639655be1068"},
    {file = "charset_normalizer-3.3.2-cp312-cp312-musllinux_1_1_s390x.whl", hash = "sha256:b4a23f61ce87adf89be746c8a8974fe1c823c891d8f86eb218bb957c924bb143"},
    {file = "charset_normalizer-3.3.2-cp312-cp312-musllinux_1_1_x86_64.whl", hash = "sha256:efcb3f6676480691518c177e3b465bcddf57cea040302f9f4e6e191af91174d4"},
    {file = "charset_normalizer-3.3.2-cp312-cp312-win32.whl", hash = "sha256:d965bba47ddeec8cd560687584e88cf699fd28f192ceb452d1d7ee807c5597b7"},
    {file = "charset_normalizer-3.3.2-cp312-cp312-win_amd64.whl", hash = "sha256:96b02a3dc4381e5494fad39be677abcb5e6634bf7b4fa83a6dd3112607547001"},
    {file = "charset_normalizer-3.3.2-cp37-cp37m-macosx_10_9_x86_64.whl", hash = "sha256:95f2a5796329323b8f0512e09dbb7a1860c46a39da62ecb2324f116fa8fdc85c"},
    {file = "charset_normalizer-3.3.2-cp37-cp37m-manylinux_2_17_aarch64.manylinux2014_aarch64.whl", hash = "sha256:c002b4ffc0be611f0d9da932eb0f704fe2602a9a949d1f738e4c34c75b0863d5"},
    {file = "charset_normalizer-3.3.2-cp37-cp37m-manylinux_2_17_ppc64le.manylinux2014_ppc64le.whl", hash = "sha256:a981a536974bbc7a512cf44ed14938cf01030a99e9b3a06dd59578882f06f985"},
    {file = "charset_normalizer-3.3.2-cp37-cp37m-manylinux_2_17_s390x.manylinux2014_s390x.whl", hash = "sha256:3287761bc4ee9e33561a7e058c72ac0938c4f57fe49a09eae428fd88aafe7bb6"},
    {file = "charset_normalizer-3.3.2-cp37-cp37m-manylinux_2_17_x86_64.manylinux2014_x86_64.whl", hash = "sha256:42cb296636fcc8b0644486d15c12376cb9fa75443e00fb25de0b8602e64c1714"},
    {file = "charset_normalizer-3.3.2-cp37-cp37m-manylinux_2_5_i686.manylinux1_i686.manylinux_2_17_i686.manylinux2014_i686.whl", hash = "sha256:0a55554a2fa0d408816b3b5cedf0045f4b8e1a6065aec45849de2d6f3f8e9786"},
    {file = "charset_normalizer-3.3.2-cp37-cp37m-musllinux_1_1_aarch64.whl", hash = "sha256:c083af607d2515612056a31f0a8d9e0fcb5876b7bfc0abad3ecd275bc4ebc2d5"},
    {file = "charset_normalizer-3.3.2-cp37-cp37m-musllinux_1_1_i686.whl", hash = "sha256:87d1351268731db79e0f8e745d92493ee2841c974128ef629dc518b937d9194c"},
    {file = "charset_normalizer-3.3.2-cp37-cp37m-musllinux_1_1_ppc64le.whl", hash = "sha256:bd8f7df7d12c2db9fab40bdd87a7c09b1530128315d047a086fa3ae3435cb3a8"},
    {file = "charset_normalizer-3.3.2-cp37-cp37m-musllinux_1_1_s390x.whl", hash = "sha256:c180f51afb394e165eafe4ac2936a14bee3eb10debc9d9e4db8958fe36afe711"},
    {file = "charset_normalizer-3.3.2-cp37-cp37m-musllinux_1_1_x86_64.whl", hash = "sha256:8c622a5fe39a48f78944a87d4fb8a53ee07344641b0562c540d840748571b811"},
    {file = "charset_normalizer-3.3.2-cp37-cp37m-win32.whl", hash = "sha256:db364eca23f876da6f9e16c9da0df51aa4f104a972735574842618b8c6d999d4"},
    {file = "charset_normalizer-3.3.2-cp37-cp37m-win_amd64.whl", hash = "sha256:86216b5cee4b06df986d214f664305142d9c76df9b6512be2738aa72a2048f99"},
    {file = "charset_normalizer-3.3.2-cp38-cp38-macosx_10_9_universal2.whl", hash = "sha256:6463effa3186ea09411d50efc7d85360b38d5f09b870c48e4600f63af490e56a"},
    {file = "charset_normalizer-3.3.2-cp38-cp38-macosx_10_9_x86_64.whl", hash = "sha256:6c4caeef8fa63d06bd437cd4bdcf3ffefe6738fb1b25951440d80dc7df8c03ac"},
    {file = "charset_normalizer-3.3.2-cp38-cp38-macosx_11_0_arm64.whl", hash = "sha256:37e55c8e51c236f95b033f6fb391d7d7970ba5fe7ff453dad675e88cf303377a"},
    {file = "charset_normalizer-3.3.2-cp38-cp38-manylinux_2_17_aarch64.manylinux2014_aarch64.whl", hash = "sha256:fb69256e180cb6c8a894fee62b3afebae785babc1ee98b81cdf68bbca1987f33"},
    {file = "charset_normalizer-3.3.2-cp38-cp38-manylinux_2_17_ppc64le.manylinux2014_ppc64le.whl", hash = "sha256:ae5f4161f18c61806f411a13b0310bea87f987c7d2ecdbdaad0e94eb2e404238"},
    {file = "charset_normalizer-3.3.2-cp38-cp38-manylinux_2_17_s390x.manylinux2014_s390x.whl", hash = "sha256:b2b0a0c0517616b6869869f8c581d4eb2dd83a4d79e0ebcb7d373ef9956aeb0a"},
    {file = "charset_normalizer-3.3.2-cp38-cp38-manylinux_2_17_x86_64.manylinux2014_x86_64.whl", hash = "sha256:45485e01ff4d3630ec0d9617310448a8702f70e9c01906b0d0118bdf9d124cf2"},
    {file = "charset_normalizer-3.3.2-cp38-cp38-manylinux_2_5_i686.manylinux1_i686.manylinux_2_17_i686.manylinux2014_i686.whl", hash = "sha256:eb00ed941194665c332bf8e078baf037d6c35d7c4f3102ea2d4f16ca94a26dc8"},
    {file = "charset_normalizer-3.3.2-cp38-cp38-musllinux_1_1_aarch64.whl", hash = "sha256:2127566c664442652f024c837091890cb1942c30937add288223dc895793f898"},
    {file = "charset_normalizer-3.3.2-cp38-cp38-musllinux_1_1_i686.whl", hash = "sha256:a50aebfa173e157099939b17f18600f72f84eed3049e743b68ad15bd69b6bf99"},
    {file = "charset_normalizer-3.3.2-cp38-cp38-musllinux_1_1_ppc64le.whl", hash = "sha256:4d0d1650369165a14e14e1e47b372cfcb31d6ab44e6e33cb2d4e57265290044d"},
    {file = "charset_normalizer-3.3.2-cp38-cp38-musllinux_1_1_s390x.whl", hash = "sha256:923c0c831b7cfcb071580d3f46c4baf50f174be571576556269530f4bbd79d04"},
    {file = "charset_normalizer-3.3.2-cp38-cp38-musllinux_1_1_x86_64.whl", hash = "sha256:06a81e93cd441c56a9b65d8e1d043daeb97a3d0856d177d5c90ba85acb3db087"},
    {file = "charset_normalizer-3.3.2-cp38-cp38-win32.whl", hash = "sha256:6ef1d82a3af9d3eecdba2321dc1b3c238245d890843e040e41e470ffa64c3e25"},
    {file = "charset_normalizer-3.3.2-cp38-cp38-win_amd64.whl", hash = "sha256:eb8821e09e916165e160797a6c17edda0679379a4be5c716c260e836e122f54b"},
    {file = "charset_normalizer-3.3.2-cp39-cp39-macosx_10_9_universal2.whl", hash = "sha256:c235ebd9baae02f1b77bcea61bce332cb4331dc3617d254df3323aa01ab47bd4"},
    {file = "charset_normalizer-3.3.2-cp39-cp39-macosx_10_9_x86_64.whl", hash = "sha256:5b4c145409bef602a690e7cfad0a15a55c13320ff7a3ad7ca59c13bb8ba4d45d"},
    {file = "charset_normalizer-3.3.2-cp39-cp39-macosx_11_0_arm64.whl", hash = "sha256:68d1f8a9e9e37c1223b656399be5d6b448dea850bed7d0f87a8311f1ff3dabb0"},
    {file = "charset_normalizer-3.3.2-cp39-cp39-manylinux_2_17_aarch64.manylinux2014_aarch64.whl", hash = "sha256:22afcb9f253dac0696b5a4be4a1c0f8762f8239e21b99680099abd9b2b1b2269"},
    {file = "charset_normalizer-3.3.2-cp39-cp39-manylinux_2_17_ppc64le.manylinux2014_ppc64le.whl", hash = "sha256:e27ad930a842b4c5eb8ac0016b0a54f5aebbe679340c26101df33424142c143c"},
    {file = "charset_normalizer-3.3.2-cp39-cp39-manylinux_2_17_s390x.manylinux2014_s390x.whl", hash = "sha256:1f79682fbe303db92bc2b1136016a38a42e835d932bab5b3b1bfcfbf0640e519"},
    {file = "charset_normalizer-3.3.2-cp39-cp39-manylinux_2_17_x86_64.manylinux2014_x86_64.whl", hash = "sha256:b261ccdec7821281dade748d088bb6e9b69e6d15b30652b74cbbac25e280b796"},
    {file = "charset_normalizer-3.3.2-cp39-cp39-manylinux_2_5_i686.manylinux1_i686.manylinux_2_17_i686.manylinux2014_i686.whl", hash = "sha256:122c7fa62b130ed55f8f285bfd56d5f4b4a5b503609d181f9ad85e55c89f4185"},
    {file = "charset_normalizer-3.3.2-cp39-cp39-musllinux_1_1_aarch64.whl", hash = "sha256:d0eccceffcb53201b5bfebb52600a5fb483a20b61da9dbc885f8b103cbe7598c"},
    {file = "charset_normalizer-3.3.2-cp39-cp39-musllinux_1_1_i686.whl", hash = "sha256:9f96df6923e21816da7e0ad3fd47dd8f94b2a5ce594e00677c0013018b813458"},
    {file = "charset_normalizer-3.3.2-cp39-cp39-musllinux_1_1_ppc64le.whl", hash = "sha256:7f04c839ed0b6b98b1a7501a002144b76c18fb1c1850c8b98d458ac269e26ed2"},
    {file = "charset_normalizer-3.3.2-cp39-cp39-musllinux_1_1_s390x.whl", hash = "sha256:34d1c8da1e78d2e001f363791c98a272bb734000fcef47a491c1e3b0505657a8"},
    {file = "charset_normalizer-3.3.2-cp39-cp39-musllinux_1_1_x86_64.whl", hash = "sha256:ff8fa367d09b717b2a17a052544193ad76cd49979c805768879cb63d9ca50561"},
    {file = "charset_normalizer-3.3.2-cp39-cp39-win32.whl", hash = "sha256:aed38f6e4fb3f5d6bf81bfa990a07806be9d83cf7bacef998ab1a9bd660a581f"},
    {file = "charset_normalizer-3.3.2-cp39-cp39-win_amd64.whl", hash = "sha256:b01b88d45a6fcb69667cd6d2f7a9aeb4bf53760d7fc536bf679ec94fe9f3ff3d"},
    {file = "charset_normalizer-3.3.2-py3-none-any.whl", hash = "sha256:3e4d1f6587322d2788836a99c69062fbb091331ec940e02d12d179c1d53e25fc"},
]

[[package]]
name = "dearpygui"
version = "1.9.1"
description = "DearPyGui: A simple Python GUI Toolkit"
optional = false
python-versions = ">=3.7"
files = [
    {file = "dearpygui-1.9.1-cp310-cp310-macosx_10_6_x86_64.whl", hash = "sha256:055d3399bdf0cfa03a06ceed2a213c304f7eea314bc57032d9a06b1e8f6ec400"},
    {file = "dearpygui-1.9.1-cp310-cp310-macosx_11_0_arm64.whl", hash = "sha256:0c7ce1000004078f4d6ceb26b99df17118ae6d412aba60d0b4b217588d3cbfc7"},
    {file = "dearpygui-1.9.1-cp310-cp310-manylinux1_x86_64.whl", hash = "sha256:5a006fe44590c362a03fe451237074ed99563d0334f1bc6ec6c7d498eca41e46"},
    {file = "dearpygui-1.9.1-cp310-cp310-win_amd64.whl", hash = "sha256:2982e456dbe2be5bf7e398af6e1f9ea16d8bfdc90e00d83b9c17c834d210cb7a"},
    {file = "dearpygui-1.9.1-cp311-cp311-macosx_10_6_x86_64.whl", hash = "sha256:8a031bcd0e58083dd0f48ada33ec86a2379f47fc56d8e199aef481237ceda774"},
    {file = "dearpygui-1.9.1-cp311-cp311-macosx_11_0_arm64.whl", hash = "sha256:c16181743f79b2d2809d24e696a5e5144135ad61ee10072ce1430bc5724ee5c1"},
    {file = "dearpygui-1.9.1-cp311-cp311-manylinux1_x86_64.whl", hash = "sha256:64cba064a5b6dac96abd8fb88fdb61842ca75668bdca364fbd52b9151adc6eb9"},
    {file = "dearpygui-1.9.1-cp311-cp311-win_amd64.whl", hash = "sha256:b687bfa9e5dd34cb84e144ad307ec4d0fa8ad7c43f37a0cbd68d018a93f0d240"},
    {file = "dearpygui-1.9.1-cp37-cp37m-macosx_10_6_x86_64.whl", hash = "sha256:fa37c0f95a202fefba86e0f9e422357e24297f65554c06d8cf68b71b3671f278"},
    {file = "dearpygui-1.9.1-cp37-cp37m-manylinux1_x86_64.whl", hash = "sha256:10310d34ef998cc201b13915a8742d6a69bf32a17c999bea2abfdf12a14bce31"},
    {file = "dearpygui-1.9.1-cp37-cp37m-win_amd64.whl", hash = "sha256:1a05cc0adeb9cba19181eafe2418c1b6e2004624b350a619c0e7b3c92ff0966c"},
    {file = "dearpygui-1.9.1-cp38-cp38-macosx_10_6_x86_64.whl", hash = "sha256:d6d8fc7c6b8d97e972d4343b871ea789da39d89c9f7a5bb7bb106b4053fb1c69"},
    {file = "dearpygui-1.9.1-cp38-cp38-manylinux1_x86_64.whl", hash = "sha256:1a308bc9bc21830a5c4d3f205559741a29bc191283dfa4ed5d24ae23a1e93dc2"},
    {file = "dearpygui-1.9.1-cp38-cp38-win_amd64.whl", hash = "sha256:23b954f304bcf63e0c9aa5c16344f1d44e034ca5c6e0764e05bd1c0b0bd10173"},
    {file = "dearpygui-1.9.1-cp39-cp39-macosx_10_6_x86_64.whl", hash = "sha256:069b557fd20cbbf0b13a0c41d16366eb7adb1c895fff1cd6653e472acee5ef5c"},
    {file = "dearpygui-1.9.1-cp39-cp39-macosx_11_0_arm64.whl", hash = "sha256:7646f0b80e0b94acd1e0232f32d5fe67b31d0e7b1921fb4947ee551d8b90ba86"},
    {file = "dearpygui-1.9.1-cp39-cp39-manylinux1_x86_64.whl", hash = "sha256:7394cba85ef6495091e7806c9a9b7ae03463d77a84b507329dc2d5a42e6581c7"},
    {file = "dearpygui-1.9.1-cp39-cp39-win_amd64.whl", hash = "sha256:caebf2e331a8d9f945806aaa2cd8a308cb2712c11b1484aee967ad031d79e0d1"},
]

[[package]]
name = "idna"
version = "3.6"
description = "Internationalized Domain Names in Applications (IDNA)"
optional = false
python-versions = ">=3.5"
files = [
    {file = "idna-3.6-py3-none-any.whl", hash = "sha256:c05567e9c24a6b9faaa835c4821bad0590fbb9d5779e7caa6e1cc4978e7eb24f"},
    {file = "idna-3.6.tar.gz", hash = "sha256:9ecdbbd083b06798ae1e86adcbfe8ab1479cf864e4ee30fe4e46a003d12491ca"},
]

[[package]]
name = "pygame"
version = "2.5.0"
description = "Python Game Development"
optional = false
python-versions = ">=3.6"
files = [
    {file = "pygame-2.5.0-cp310-cp310-macosx_10_9_x86_64.whl", hash = "sha256:e34a2b5660acc298d0a66ce16f13a7ca1c56c2a685e40afef3a0cf6eaf3f44b3"},
    {file = "pygame-2.5.0-cp310-cp310-macosx_11_0_arm64.whl", hash = "sha256:875dbde88b899fb7f48d6f0e87f70c3dcc8ee87a947c3df817d949a9741dbcf5"},
    {file = "pygame-2.5.0-cp310-cp310-manylinux_2_17_aarch64.manylinux2014_aarch64.whl", hash = "sha256:854dc9106210d1a3a83914af53fc234c0bed65a39f5e6098a8eb489da354ad0c"},
    {file = "pygame-2.5.0-cp310-cp310-manylinux_2_17_i686.manylinux2014_i686.whl", hash = "sha256:7e1898db0fd7b868a31c29204813f447c59390350fd806904d80bebde094f3f8"},
    {file = "pygame-2.5.0-cp310-cp310-manylinux_2_17_x86_64.manylinux2014_x86_64.whl", hash = "sha256:22d5eac9b9936c7dc2813a750bc8efd53234ad1afc32eb99d6f64bb403c2b9aa"},
    {file = "pygame-2.5.0-cp310-cp310-win32.whl", hash = "sha256:e9eed550b8921080a3c7524202822fc2cf7226e0ffd3c4e4d16510ba44b24e6f"},
    {file = "pygame-2.5.0-cp310-cp310-win_amd64.whl", hash = "sha256:93128beb1154c443f05a66bfbf3f1d4eb8659157ab3b45e4a0454e5905440431"},
    {file = "pygame-2.5.0-cp311-cp311-macosx_10_9_x86_64.whl", hash = "sha256:c71d5b3ec232113cbd2e23a19eb01eef1818db41892d0d5efbac3901f940da66"},
    {file = "pygame-2.5.0-cp311-cp311-macosx_11_0_arm64.whl", hash = "sha256:b763062b1996de26a28600e7a8f138d5b36ba0ddd63c65ccbd06124cd95bab70"},
    {file = "pygame-2.5.0-cp311-cp311-manylinux_2_17_aarch64.manylinux2014_aarch64.whl", hash = "sha256:e5b6a42109f922352c524565fceb22bf8f8b6e4b00d38306e6f5b4c673048f4a"},
    {file = "pygame-2.5.0-cp311-cp311-manylinux_2_17_i686.manylinux2014_i686.whl", hash = "sha256:3bcb19c8ee3fc794ab3a7cb5b5fb1ad38da6866dfbba4af3699a84a828c8a4b9"},
    {file = "pygame-2.5.0-cp311-cp311-manylinux_2_17_x86_64.manylinux2014_x86_64.whl", hash = "sha256:c66b7abc38511c7ca08c5bb58a3bfc14fa51b4e5f85a1786777afc9e584a14dd"},
    {file = "pygame-2.5.0-cp311-cp311-win32.whl", hash = "sha256:46cf1c9b20fb11c7d836c02dd5fc2ca843b699c0e2bc4130cf4ad2f855db5f7f"},
    {file = "pygame-2.5.0-cp311-cp311-win_amd64.whl", hash = "sha256:f7b77b5019a9a6342535f53c75cef912b218cd24e98505828418f135aacc0a1b"},
    {file = "pygame-2.5.0-cp312-cp312-manylinux_2_17_aarch64.manylinux2014_aarch64.whl", hash = "sha256:7ddec0c823fd0869fe4a75ba906dcb7889db0e0c289ce8c03d4ce0a67351ab66"},
    {file = "pygame-2.5.0-cp312-cp312-manylinux_2_17_i686.manylinux2014_i686.whl", hash = "sha256:bae93ce29b8337a5e02507603094c51740c9f496272ef070e2624e9647776568"},
    {file = "pygame-2.5.0-cp312-cp312-manylinux_2_17_x86_64.manylinux2014_x86_64.whl", hash = "sha256:c80a1ad38d11102b4dfa0519aa2a26fea534503b259872609acc9adb1860884e"},
    {file = "pygame-2.5.0-cp312-cp312-win32.whl", hash = "sha256:8ffebcafda0add8072f82999498113be37494694fa36e02155cfaf1a0ba56fe2"},
    {file = "pygame-2.5.0-cp312-cp312-win_amd64.whl", hash = "sha256:574e310ba708da0c34b71c4158aa7cdca3cf3e16c4100dcd1d3c931a9c6705b4"},
    {file = "pygame-2.5.0-cp36-cp36m-macosx_10_9_x86_64.whl", hash = "sha256:275e4fab379620c3b262cd58c457eea80001e91bc2e04d306ddb0ba548c969bf"},
    {file = "pygame-2.5.0-cp36-cp36m-manylinux_2_17_aarch64.manylinux2014_aarch64.whl", hash = "sha256:c116a96a2784bd1724476dbf9c48bfea466ee493a736bdfa04ecbc3f193de0bc"},
    {file = "pygame-2.5.0-cp36-cp36m-manylinux_2_17_i686.manylinux2014_i686.whl", hash = "sha256:d4a0787ade8723323a3ba874bb725010bb08990a77327fc85f42474f3a840447"},
    {file = "pygame-2.5.0-cp36-cp36m-manylinux_2_17_x86_64.manylinux2014_x86_64.whl", hash = "sha256:c1cb39b660da1b56a1704ec4aa72bac538030786e23607fb25b8a66f357ffe3a"},
    {file = "pygame-2.5.0-cp36-cp36m-win32.whl", hash = "sha256:d051420667dd9fc8103b3cf994c03e46ee90b1c4a72c174737b8c14729ddf68e"},
    {file = "pygame-2.5.0-cp36-cp36m-win_amd64.whl", hash = "sha256:6b58356510b7c38836eb81cf08983b58f280da99580d4f17e89ed0ddb707c29c"},
    {file = "pygame-2.5.0-cp37-cp37m-macosx_10_9_x86_64.whl", hash = "sha256:80f167d8fcec7cd3107f829784ad721b1b7532c19fdf42b3aabbb51f7347850f"},
    {file = "pygame-2.5.0-cp37-cp37m-manylinux_2_17_aarch64.manylinux2014_aarch64.whl", hash = "sha256:ef96e9a2d8fd9526b89657d192c42dd7c551bfa381fa98ec52d45443e9713818"},
    {file = "pygame-2.5.0-cp37-cp37m-manylinux_2_17_i686.manylinux2014_i686.whl", hash = "sha256:e21d53279fb504b267ae06b565b72d9f95ecbf1f2dd8c705329b287f38295d98"},
    {file = "pygame-2.5.0-cp37-cp37m-manylinux_2_17_x86_64.manylinux2014_x86_64.whl", hash = "sha256:147cc0256a5df1316590f351febf6205ef2907564fb0d902935834b91e183486"},
    {file = "pygame-2.5.0-cp37-cp37m-win32.whl", hash = "sha256:e47696154d689180e4eea8c1d6f2bac923986119219db6ad0d2e60ab1f525e8c"},
    {file = "pygame-2.5.0-cp37-cp37m-win_amd64.whl", hash = "sha256:4c87fa8fa1f3ea94069119accd6d4b5fbf869c2b2954a19b45162dfb3b7c885e"},
    {file = "pygame-2.5.0-cp38-cp38-macosx_10_9_x86_64.whl", hash = "sha256:143550078ab10f290cd7c8715a46853e0dc598fd6cdd1561ecb4d6e3116a6b26"},
    {file = "pygame-2.5.0-cp38-cp38-macosx_11_0_arm64.whl", hash = "sha256:969de806bed49b28972862acba652f05ece9420bbdf5f925c970c6a18a9fd1f9"},
    {file = "pygame-2.5.0-cp38-cp38-manylinux_2_17_aarch64.manylinux2014_aarch64.whl", hash = "sha256:c5d3b0da31ea341b86ef96d6b13c0ddcb25f5320186b7215bc870f08119d2f80"},
    {file = "pygame-2.5.0-cp38-cp38-manylinux_2_17_i686.manylinux2014_i686.whl", hash = "sha256:b23effd50121468f1dc41022230485bff515154191a9d343224850aa3ed3b7f0"},
    {file = "pygame-2.5.0-cp38-cp38-manylinux_2_17_x86_64.manylinux2014_x86_64.whl", hash = "sha256:bce4116db6924b544ff8ff03f7ef681c8baf9c6e039a1ec21e26b4ebdaa0e994"},
    {file = "pygame-2.5.0-cp38-cp38-win32.whl", hash = "sha256:50a89c15412506d95e98792435f49a73101788db30ad9c562f611c7aa7b437fa"},
    {file = "pygame-2.5.0-cp38-cp38-win_amd64.whl", hash = "sha256:df1d8affdbe9f417cc7141581e3d08e4b09f708060d3127d2016fd591b2e4f68"},
    {file = "pygame-2.5.0-cp39-cp39-macosx_10_9_x86_64.whl", hash = "sha256:99965da24d0bf138d9ac6b7494b9a12781c1510cf936616d1d0c46a736777f6a"},
    {file = "pygame-2.5.0-cp39-cp39-macosx_11_0_arm64.whl", hash = "sha256:daa81057c1beb71a9fb96253457197ad03ee988ba546a166f253bd92a98a9a11"},
    {file = "pygame-2.5.0-cp39-cp39-manylinux_2_17_aarch64.manylinux2014_aarch64.whl", hash = "sha256:3ca85da605f6621c99c05f272a5dcf85bf0badcdca45f16ff2bee9a9d41ae042"},
    {file = "pygame-2.5.0-cp39-cp39-manylinux_2_17_i686.manylinux2014_i686.whl", hash = "sha256:603d403997d46b07022097861c8b0ff76c6192f8a2f5f89f1a6a978d4411b715"},
    {file = "pygame-2.5.0-cp39-cp39-manylinux_2_17_x86_64.manylinux2014_x86_64.whl", hash = "sha256:7babaeac11544f3e4d7a15756a27f943dc5fff276481fdc9d90415a903ad31a9"},
    {file = "pygame-2.5.0-cp39-cp39-win32.whl", hash = "sha256:9d2126f91699223f0c36845d1c7b2cdfe2f1753ef85b8410ea613e8bd212ca33"},
    {file = "pygame-2.5.0-cp39-cp39-win_amd64.whl", hash = "sha256:8062adc409f0b2742d7996b9b470494025c5e3b73d0d03e3798708dcf5d195cd"},
    {file = "pygame-2.5.0-pp36-pypy36_pp73-win32.whl", hash = "sha256:1bd14adf6151b6ac2f617a8fd71621f1c125209c41a359d3c1cf4bf3904dba5f"},
    {file = "pygame-2.5.0-pp37-pypy37_pp73-manylinux_2_17_i686.manylinux2014_i686.whl", hash = "sha256:2b11708f1c7b1671db15246275adcb18cf384f5f7e73532e26999968876c5099"},
    {file = "pygame-2.5.0-pp37-pypy37_pp73-manylinux_2_17_x86_64.manylinux2014_x86_64.whl", hash = "sha256:6830e431575697f7a11f7731798445242e37eb07ae9007f7be33083f700e9b1e"},
    {file = "pygame-2.5.0-pp38-pypy38_pp73-macosx_10_9_x86_64.whl", hash = "sha256:7dd80addfdf7dc1f0e04f81c98acb96580726783172256f2ebc955a967e84124"},
    {file = "pygame-2.5.0-pp38-pypy38_pp73-manylinux_2_17_i686.manylinux2014_i686.whl", hash = "sha256:1c2cbd9d1a0a3969d6e1c6b0741279c843b4a36ef3804d324874d0a2f0e49816"},
    {file = "pygame-2.5.0-pp38-pypy38_pp73-manylinux_2_17_x86_64.manylinux2014_x86_64.whl", hash = "sha256:ef373b9865c740f18236f2324e17e7f2111e27c6a4a5b67c490c72a8a8b8de77"},
    {file = "pygame-2.5.0-pp39-pypy39_pp73-macosx_10_9_x86_64.whl", hash = "sha256:3959038a3e2034cee3f15471786a3bac35baeaa1f7503dc7402bb49d25b5ddbc"},
    {file = "pygame-2.5.0-pp39-pypy39_pp73-manylinux_2_17_i686.manylinux2014_i686.whl", hash = "sha256:583d9c8ad033ad51da8485427139d047afb649f49e42d4fa88477f73734ad4b0"},
    {file = "pygame-2.5.0-pp39-pypy39_pp73-manylinux_2_17_x86_64.manylinux2014_x86_64.whl", hash = "sha256:13b650e925d2e8c82c16bdeae6e7fc5d6ca4ac659a1412da4ecd923ef9d688cb"},
    {file = "pygame-2.5.0.tar.gz", hash = "sha256:edd5745b79435976d92c0a7318aedcafcb7ac4567125ac6ba88aa473559ef9ab"},
]

[[package]]
name = "requests"
version = "2.31.0"
description = "Python HTTP for Humans."
optional = false
python-versions = ">=3.7"
files = [
    {file = "requests-2.31.0-py3-none-any.whl", hash = "sha256:58cd2187c01e70e6e26505bca751777aa9f2ee0b7f4300988b709f44e013003f"},
    {file = "requests-2.31.0.tar.gz", hash = "sha256:942c5a758f98d790eaed1a29cb6eefc7ffb0d1cf7af05c3d2791656dbd6ad1e1"},
]

[package.dependencies]
certifi = ">=2017.4.17"
charset-normalizer = ">=2,<4"
idna = ">=2.5,<4"
urllib3 = ">=1.21.1,<3"

[package.extras]
socks = ["PySocks (>=1.5.6,!=1.5.7)"]
use-chardet-on-py3 = ["chardet (>=3.0.2,<6)"]

[[package]]
name = "urllib3"
version = "2.2.0"
description = "HTTP library with thread-safe connection pooling, file post, and more."
optional = false
python-versions = ">=3.8"
files = [
    {file = "urllib3-2.2.0-py3-none-any.whl", hash = "sha256:ce3711610ddce217e6d113a2732fafad960a03fd0318c91faa79481e35c11224"},
    {file = "urllib3-2.2.0.tar.gz", hash = "sha256:051d961ad0c62a94e50ecf1af379c3aba230c66c710493493560c0c223c49f20"},
]

[package.extras]
brotli = ["brotli (>=1.0.9)", "brotlicffi (>=0.8.0)"]
h2 = ["h2 (>=4,<5)"]
socks = ["pysocks (>=1.5.6,!=1.5.7,<2.0)"]
zstd = ["zstandard (>=0.18.0)"]

[metadata]
lock-version = "2.0"
python-versions = ">=3.10.0"
content-hash = "30e72b5d0d856dcad331462d0972b145140ec363a3eefb09ace35ce23d581def"
